// !$*UTF8*$!
{
	archiveVersion = 1;
	classes = {
	};
	objectVersion = 48;
	objects = {

/* Begin PBXBuildFile section */
		187BEE23206D2CB600A55D12 /* AppDelegate.m in Sources */ = {isa = PBXBuildFile; fileRef = 187BEE22206D2CB600A55D12 /* AppDelegate.m */; };
		187BEE26206D2CB600A55D12 /* ViewController.m in Sources */ = {isa = PBXBuildFile; fileRef = 187BEE25206D2CB600A55D12 /* ViewController.m */; };
		187BEE29206D2CB600A55D12 /* Main.storyboard in Resources */ = {isa = PBXBuildFile; fileRef = 187BEE27206D2CB600A55D12 /* Main.storyboard */; };
		187BEE2B206D2CB600A55D12 /* Assets.xcassets in Resources */ = {isa = PBXBuildFile; fileRef = 187BEE2A206D2CB600A55D12 /* Assets.xcassets */; };
		187BEE2E206D2CB600A55D12 /* LaunchScreen.storyboard in Resources */ = {isa = PBXBuildFile; fileRef = 187BEE2C206D2CB600A55D12 /* LaunchScreen.storyboard */; };
		187BEE31206D2CB600A55D12 /* main.m in Sources */ = {isa = PBXBuildFile; fileRef = 187BEE30206D2CB600A55D12 /* main.m */; };
		187BEE3B206D2CB600A55D12 /* testTests.m in Sources */ = {isa = PBXBuildFile; fileRef = 187BEE3A206D2CB600A55D12 /* testTests.m */; };
		187BEE46206D2CB600A55D12 /* testUITests.m in Sources */ = {isa = PBXBuildFile; fileRef = 187BEE45206D2CB600A55D12 /* testUITests.m */; };
/* End PBXBuildFile section */

/* Begin PBXContainerItemProxy section */
		187BEE37206D2CB600A55D12 /* PBXContainerItemProxy */ = {
			isa = PBXContainerItemProxy;
			containerPortal = 187BEE16206D2CB600A55D12 /* Project object */;
			proxyType = 1;
			remoteGlobalIDString = 187BEE1D206D2CB600A55D12;
			remoteInfo = test;
		};
		187BEE42206D2CB600A55D12 /* PBXContainerItemProxy */ = {
			isa = PBXContainerItemProxy;
			containerPortal = 187BEE16206D2CB600A55D12 /* Project object */;
			proxyType = 1;
			remoteGlobalIDString = 187BEE1D206D2CB600A55D12;
			remoteInfo = test;
		};
/* End PBXContainerItemProxy section */

/* Begin PBXFileReference section */
		187BEE1E206D2CB600A55D12 /* test.app */ = {isa = PBXFileReference; explicitFileType = wrapper.application; includeInIndex = 0; path = test.app; sourceTree = BUILT_PRODUCTS_DIR; };
		187BEE21206D2CB600A55D12 /* AppDelegate.h */ = {isa = PBXFileReference; lastKnownFileType = sourcecode.c.h; path = AppDelegate.h; sourceTree = "<group>"; };
		187BEE22206D2CB600A55D12 /* AppDelegate.m */ = {isa = PBXFileReference; lastKnownFileType = sourcecode.c.objc; path = AppDelegate.m; sourceTree = "<group>"; };
		187BEE24206D2CB600A55D12 /* ViewController.h */ = {isa = PBXFileReference; lastKnownFileType = sourcecode.c.h; path = ViewController.h; sourceTree = "<group>"; };
		187BEE25206D2CB600A55D12 /* ViewController.m */ = {isa = PBXFileReference; lastKnownFileType = sourcecode.c.objc; path = ViewController.m; sourceTree = "<group>"; };
		187BEE28206D2CB600A55D12 /* Base */ = {isa = PBXFileReference; lastKnownFileType = file.storyboard; name = Base; path = Base.lproj/Main.storyboard; sourceTree = "<group>"; };
		187BEE2A206D2CB600A55D12 /* Assets.xcassets */ = {isa = PBXFileReference; lastKnownFileType = folder.assetcatalog; path = Assets.xcassets; sourceTree = "<group>"; };
		187BEE2D206D2CB600A55D12 /* Base */ = {isa = PBXFileReference; lastKnownFileType = file.storyboard; name = Base; path = Base.lproj/LaunchScreen.storyboard; sourceTree = "<group>"; };
		187BEE2F206D2CB600A55D12 /* Info.plist */ = {isa = PBXFileReference; lastKnownFileType = text.plist.xml; path = Info.plist; sourceTree = "<group>"; };
		187BEE30206D2CB600A55D12 /* main.m */ = {isa = PBXFileReference; lastKnownFileType = sourcecode.c.objc; path = main.m; sourceTree = "<group>"; };
		187BEE36206D2CB600A55D12 /* testTests.xctest */ = {isa = PBXFileReference; explicitFileType = wrapper.cfbundle; includeInIndex = 0; path = testTests.xctest; sourceTree = BUILT_PRODUCTS_DIR; };
		187BEE3A206D2CB600A55D12 /* testTests.m */ = {isa = PBXFileReference; lastKnownFileType = sourcecode.c.objc; path = testTests.m; sourceTree = "<group>"; };
		187BEE3C206D2CB600A55D12 /* Info.plist */ = {isa = PBXFileReference; lastKnownFileType = text.plist.xml; path = Info.plist; sourceTree = "<group>"; };
		187BEE41206D2CB600A55D12 /* testUITests.xctest */ = {isa = PBXFileReference; explicitFileType = wrapper.cfbundle; includeInIndex = 0; path = testUITests.xctest; sourceTree = BUILT_PRODUCTS_DIR; };
		187BEE45206D2CB600A55D12 /* testUITests.m */ = {isa = PBXFileReference; lastKnownFileType = sourcecode.c.objc; path = testUITests.m; sourceTree = "<group>"; };
		187BEE47206D2CB600A55D12 /* Info.plist */ = {isa = PBXFileReference; lastKnownFileType = text.plist.xml; path = Info.plist; sourceTree = "<group>"; };
/* End PBXFileReference section */

/* Begin PBXFrameworksBuildPhase section */
		187BEE1B206D2CB600A55D12 /* Frameworks */ = {
			isa = PBXFrameworksBuildPhase;
			buildActionMask = 2147483647;
			files = (
			);
			runOnlyForDeploymentPostprocessing = 0;
		};
		187BEE33206D2CB600A55D12 /* Frameworks */ = {
			isa = PBXFrameworksBuildPhase;
			buildActionMask = 2147483647;
			files = (
			);
			runOnlyForDeploymentPostprocessing = 0;
		};
		187BEE3E206D2CB600A55D12 /* Frameworks */ = {
			isa = PBXFrameworksBuildPhase;
			buildActionMask = 2147483647;
			files = (
			);
			runOnlyForDeploymentPostprocessing = 0;
		};
/* End PBXFrameworksBuildPhase section */

/* Begin PBXGroup section */
		187BEE15206D2CB600A55D12 = {
			isa = PBXGroup;
			children = (
				187BEE20206D2CB600A55D12 /* test */,
				187BEE39206D2CB600A55D12 /* testTests */,
				187BEE44206D2CB600A55D12 /* testUITests */,
				187BEE1F206D2CB600A55D12 /* Products */,
			);
			sourceTree = "<group>";
		};
		187BEE1F206D2CB600A55D12 /* Products */ = {
			isa = PBXGroup;
			children = (
				187BEE1E206D2CB600A55D12 /* test.app */,
				187BEE36206D2CB600A55D12 /* testTests.xctest */,
				187BEE41206D2CB600A55D12 /* testUITests.xctest */,
			);
			name = Products;
			sourceTree = "<group>";
		};
		187BEE20206D2CB600A55D12 /* test */ = {
			isa = PBXGroup;
			children = (
				187BEE21206D2CB600A55D12 /* AppDelegate.h */,
				187BEE22206D2CB600A55D12 /* AppDelegate.m */,
				187BEE24206D2CB600A55D12 /* ViewController.h */,
				187BEE25206D2CB600A55D12 /* ViewController.m */,
				187BEE27206D2CB600A55D12 /* Main.storyboard */,
				187BEE2A206D2CB600A55D12 /* Assets.xcassets */,
				187BEE2C206D2CB600A55D12 /* LaunchScreen.storyboard */,
				187BEE2F206D2CB600A55D12 /* Info.plist */,
				187BEE30206D2CB600A55D12 /* main.m */,
			);
			path = test;
			sourceTree = "<group>";
		};
		187BEE39206D2CB600A55D12 /* testTests */ = {
			isa = PBXGroup;
			children = (
				187BEE3A206D2CB600A55D12 /* testTests.m */,
				187BEE3C206D2CB600A55D12 /* Info.plist */,
			);
			path = testTests;
			sourceTree = "<group>";
		};
		187BEE44206D2CB600A55D12 /* testUITests */ = {
			isa = PBXGroup;
			children = (
				187BEE45206D2CB600A55D12 /* testUITests.m */,
				187BEE47206D2CB600A55D12 /* Info.plist */,
			);
			path = testUITests;
			sourceTree = "<group>";
		};
/* End PBXGroup section */

/* Begin PBXNativeTarget section */
		187BEE1D206D2CB600A55D12 /* test */ = {
			isa = PBXNativeTarget;
			buildConfigurationList = 187BEE4A206D2CB600A55D12 /* Build configuration list for PBXNativeTarget "test" */;
			buildPhases = (
				187BEE1A206D2CB600A55D12 /* Sources */,
				187BEE1B206D2CB600A55D12 /* Frameworks */,
				187BEE1C206D2CB600A55D12 /* Resources */,
			);
			buildRules = (
			);
			dependencies = (
			);
			name = test;
			productName = test;
			productReference = 187BEE1E206D2CB600A55D12 /* test.app */;
			productType = "com.apple.product-type.application";
		};
		187BEE35206D2CB600A55D12 /* testTests */ = {
			isa = PBXNativeTarget;
			buildConfigurationList = 187BEE4D206D2CB600A55D12 /* Build configuration list for PBXNativeTarget "testTests" */;
			buildPhases = (
				187BEE32206D2CB600A55D12 /* Sources */,
				187BEE33206D2CB600A55D12 /* Frameworks */,
				187BEE34206D2CB600A55D12 /* Resources */,
			);
			buildRules = (
			);
			dependencies = (
				187BEE38206D2CB600A55D12 /* PBXTargetDependency */,
			);
			name = testTests;
			productName = testTests;
			productReference = 187BEE36206D2CB600A55D12 /* testTests.xctest */;
			productType = "com.apple.product-type.bundle.unit-test";
		};
		187BEE40206D2CB600A55D12 /* testUITests */ = {
			isa = PBXNativeTarget;
			buildConfigurationList = 187BEE50206D2CB600A55D12 /* Build configuration list for PBXNativeTarget "testUITests" */;
			buildPhases = (
				187BEE3D206D2CB600A55D12 /* Sources */,
				187BEE3E206D2CB600A55D12 /* Frameworks */,
				187BEE3F206D2CB600A55D12 /* Resources */,
			);
			buildRules = (
			);
			dependencies = (
				187BEE43206D2CB600A55D12 /* PBXTargetDependency */,
			);
			name = testUITests;
			productName = testUITests;
			productReference = 187BEE41206D2CB600A55D12 /* testUITests.xctest */;
			productType = "com.apple.product-type.bundle.ui-testing";
		};
/* End PBXNativeTarget section */

/* Begin PBXProject section */
		187BEE16206D2CB600A55D12 /* Project object */ = {
			isa = PBXProject;
			attributes = {
				LastUpgradeCheck = 0900;
				ORGANIZATIONNAME = lanjiying_Anna;
				TargetAttributes = {
					187BEE1D206D2CB600A55D12 = {
						CreatedOnToolsVersion = 9.0;
						ProvisioningStyle = Automatic;
					};
					187BEE35206D2CB600A55D12 = {
						CreatedOnToolsVersion = 9.0;
						ProvisioningStyle = Automatic;
						TestTargetID = 187BEE1D206D2CB600A55D12;
					};
					187BEE40206D2CB600A55D12 = {
						CreatedOnToolsVersion = 9.0;
						ProvisioningStyle = Automatic;
						TestTargetID = 187BEE1D206D2CB600A55D12;
					};
				};
			};
			buildConfigurationList = 187BEE19206D2CB600A55D12 /* Build configuration list for PBXProject "test" */;
			compatibilityVersion = "Xcode 8.0";
			developmentRegion = en;
			hasScannedForEncodings = 0;
			knownRegions = (
				en,
				Base,
			);
			mainGroup = 187BEE15206D2CB600A55D12;
			productRefGroup = 187BEE1F206D2CB600A55D12 /* Products */;
			projectDirPath = "";
			projectRoot = "";
			targets = (
				187BEE1D206D2CB600A55D12 /* test */,
				187BEE35206D2CB600A55D12 /* testTests */,
				187BEE40206D2CB600A55D12 /* testUITests */,
			);
		};
/* End PBXProject section */

/* Begin PBXResourcesBuildPhase section */
		187BEE1C206D2CB600A55D12 /* Resources */ = {
			isa = PBXResourcesBuildPhase;
			buildActionMask = 2147483647;
			files = (
				187BEE2E206D2CB600A55D12 /* LaunchScreen.storyboard in Resources */,
				187BEE2B206D2CB600A55D12 /* Assets.xcassets in Resources */,
				187BEE29206D2CB600A55D12 /* Main.storyboard in Resources */,
			);
			runOnlyForDeploymentPostprocessing = 0;
		};
		187BEE34206D2CB600A55D12 /* Resources */ = {
			isa = PBXResourcesBuildPhase;
			buildActionMask = 2147483647;
			files = (
			);
			runOnlyForDeploymentPostprocessing = 0;
		};
		187BEE3F206D2CB600A55D12 /* Resources */ = {
			isa = PBXResourcesBuildPhase;
			buildActionMask = 2147483647;
			files = (
			);
			runOnlyForDeploymentPostprocessing = 0;
		};
/* End PBXResourcesBuildPhase section */

/* Begin PBXSourcesBuildPhase section */
		187BEE1A206D2CB600A55D12 /* Sources */ = {
			isa = PBXSourcesBuildPhase;
			buildActionMask = 2147483647;
			files = (
				187BEE26206D2CB600A55D12 /* ViewController.m in Sources */,
				187BEE31206D2CB600A55D12 /* main.m in Sources */,
				187BEE23206D2CB600A55D12 /* AppDelegate.m in Sources */,
			);
			runOnlyForDeploymentPostprocessing = 0;
		};
		187BEE32206D2CB600A55D12 /* Sources */ = {
			isa = PBXSourcesBuildPhase;
			buildActionMask = 2147483647;
			files = (
				187BEE3B206D2CB600A55D12 /* testTests.m in Sources */,
			);
			runOnlyForDeploymentPostprocessing = 0;
		};
		187BEE3D206D2CB600A55D12 /* Sources */ = {
			isa = PBXSourcesBuildPhase;
			buildActionMask = 2147483647;
			files = (
				187BEE46206D2CB600A55D12 /* testUITests.m in Sources */,
			);
			runOnlyForDeploymentPostprocessing = 0;
		};
/* End PBXSourcesBuildPhase section */

/* Begin PBXTargetDependency section */
		187BEE38206D2CB600A55D12 /* PBXTargetDependency */ = {
			isa = PBXTargetDependency;
			target = 187BEE1D206D2CB600A55D12 /* test */;
			targetProxy = 187BEE37206D2CB600A55D12 /* PBXContainerItemProxy */;
		};
		187BEE43206D2CB600A55D12 /* PBXTargetDependency */ = {
			isa = PBXTargetDependency;
			target = 187BEE1D206D2CB600A55D12 /* test */;
			targetProxy = 187BEE42206D2CB600A55D12 /* PBXContainerItemProxy */;
		};
/* End PBXTargetDependency section */

/* Begin PBXVariantGroup section */
		187BEE27206D2CB600A55D12 /* Main.storyboard */ = {
			isa = PBXVariantGroup;
			children = (
				187BEE28206D2CB600A55D12 /* Base */,
			);
			name = Main.storyboard;
			sourceTree = "<group>";
		};
		187BEE2C206D2CB600A55D12 /* LaunchScreen.storyboard */ = {
			isa = PBXVariantGroup;
			children = (
				187BEE2D206D2CB600A55D12 /* Base */,
			);
			name = LaunchScreen.storyboard;
			sourceTree = "<group>";
		};
/* End PBXVariantGroup section */

/* Begin XCBuildConfiguration section */
		187BEE48206D2CB600A55D12 /* Debug */ = {
			isa = XCBuildConfiguration;
			buildSettings = {
				ALWAYS_SEARCH_USER_PATHS = NO;
				CLANG_ANALYZER_NONNULL = YES;
				CLANG_ANALYZER_NUMBER_OBJECT_CONVERSION = YES_AGGRESSIVE;
				CLANG_CXX_LANGUAGE_STANDARD = "gnu++14";
				CLANG_CXX_LIBRARY = "libc++";
				CLANG_ENABLE_MODULES = YES;
				CLANG_ENABLE_OBJC_ARC = YES;
				CLANG_WARN_BLOCK_CAPTURE_AUTORELEASING = YES;
				CLANG_WARN_BOOL_CONVERSION = YES;
				CLANG_WARN_COMMA = YES;
				CLANG_WARN_CONSTANT_CONVERSION = YES;
				CLANG_WARN_DIRECT_OBJC_ISA_USAGE = YES_ERROR;
				CLANG_WARN_DOCUMENTATION_COMMENTS = YES;
				CLANG_WARN_EMPTY_BODY = YES;
				CLANG_WARN_ENUM_CONVERSION = YES;
				CLANG_WARN_INFINITE_RECURSION = YES;
				CLANG_WARN_INT_CONVERSION = YES;
				CLANG_WARN_NON_LITERAL_NULL_CONVERSION = YES;
				CLANG_WARN_OBJC_LITERAL_CONVERSION = YES;
				CLANG_WARN_OBJC_ROOT_CLASS = YES_ERROR;
				CLANG_WARN_RANGE_LOOP_ANALYSIS = YES;
				CLANG_WARN_STRICT_PROTOTYPES = YES;
				CLANG_WARN_SUSPICIOUS_MOVE = YES;
				CLANG_WARN_UNGUARDED_AVAILABILITY = YES_AGGRESSIVE;
				CLANG_WARN_UNREACHABLE_CODE = YES;
				CLANG_WARN__DUPLICATE_METHOD_MATCH = YES;
				CODE_SIGN_IDENTITY = "iPhone Developer";
				COPY_PHASE_STRIP = NO;
				DEBUG_INFORMATION_FORMAT = dwarf;
				ENABLE_STRICT_OBJC_MSGSEND = YES;
				ENABLE_TESTABILITY = YES;
				GCC_C_LANGUAGE_STANDARD = gnu11;
				GCC_DYNAMIC_NO_PIC = NO;
				GCC_NO_COMMON_BLOCKS = YES;
				GCC_OPTIMIZATION_LEVEL = 0;
				GCC_PREPROCESSOR_DEFINITIONS = (
					"DEBUG=1",
					"$(inherited)",
				);
				GCC_WARN_64_TO_32_BIT_CONVERSION = YES;
				GCC_WARN_ABOUT_RETURN_TYPE = YES_ERROR;
				GCC_WARN_UNDECLARED_SELECTOR = YES;
				GCC_WARN_UNINITIALIZED_AUTOS = YES_AGGRESSIVE;
				GCC_WARN_UNUSED_FUNCTION = YES;
				GCC_WARN_UNUSED_VARIABLE = YES;
				IPHONEOS_DEPLOYMENT_TARGET = 11.0;
				MTL_ENABLE_DEBUG_INFO = YES;
				ONLY_ACTIVE_ARCH = YES;
				SDKROOT = iphoneos;
			};
			name = Debug;
		};
		187BEE49206D2CB600A55D12 /* Release */ = {
			isa = XCBuildConfiguration;
			buildSettings = {
				ALWAYS_SEARCH_USER_PATHS = NO;
				CLANG_ANALYZER_NONNULL = YES;
				CLANG_ANALYZER_NUMBER_OBJECT_CONVERSION = YES_AGGRESSIVE;
				CLANG_CXX_LANGUAGE_STANDARD = "gnu++14";
				CLANG_CXX_LIBRARY = "libc++";
				CLANG_ENABLE_MODULES = YES;
				CLANG_ENABLE_OBJC_ARC = YES;
				CLANG_WARN_BLOCK_CAPTURE_AUTORELEASING = YES;
				CLANG_WARN_BOOL_CONVERSION = YES;
				CLANG_WARN_COMMA = YES;
				CLANG_WARN_CONSTANT_CONVERSION = YES;
				CLANG_WARN_DIRECT_OBJC_ISA_USAGE = YES_ERROR;
				CLANG_WARN_DOCUMENTATION_COMMENTS = YES;
				CLANG_WARN_EMPTY_BODY = YES;
				CLANG_WARN_ENUM_CONVERSION = YES;
				CLANG_WARN_INFINITE_RECURSION = YES;
				CLANG_WARN_INT_CONVERSION = YES;
				CLANG_WARN_NON_LITERAL_NULL_CONVERSION = YES;
				CLANG_WARN_OBJC_LITERAL_CONVERSION = YES;
				CLANG_WARN_OBJC_ROOT_CLASS = YES_ERROR;
				CLANG_WARN_RANGE_LOOP_ANALYSIS = YES;
				CLANG_WARN_STRICT_PROTOTYPES = YES;
				CLANG_WARN_SUSPICIOUS_MOVE = YES;
				CLANG_WARN_UNGUARDED_AVAILABILITY = YES_AGGRESSIVE;
				CLANG_WARN_UNREACHABLE_CODE = YES;
				CLANG_WARN__DUPLICATE_METHOD_MATCH = YES;
				CODE_SIGN_IDENTITY = "iPhone Developer";
				COPY_PHASE_STRIP = NO;
				DEBUG_INFORMATION_FORMAT = "dwarf-with-dsym";
				ENABLE_NS_ASSERTIONS = NO;
				ENABLE_STRICT_OBJC_MSGSEND = YES;
				GCC_C_LANGUAGE_STANDARD = gnu11;
				GCC_NO_COMMON_BLOCKS = YES;
				GCC_WARN_64_TO_32_BIT_CONVERSION = YES;
				GCC_WARN_ABOUT_RETURN_TYPE = YES_ERROR;
				GCC_WARN_UNDECLARED_SELECTOR = YES;
				GCC_WARN_UNINITIALIZED_AUTOS = YES_AGGRESSIVE;
				GCC_WARN_UNUSED_FUNCTION = YES;
				GCC_WARN_UNUSED_VARIABLE = YES;
				IPHONEOS_DEPLOYMENT_TARGET = 11.0;
				MTL_ENABLE_DEBUG_INFO = NO;
				SDKROOT = iphoneos;
				VALIDATE_PRODUCT = YES;
			};
			name = Release;
		};
		187BEE4B206D2CB600A55D12 /* Debug */ = {
			isa = XCBuildConfiguration;
			buildSettings = {
				ASSETCATALOG_COMPILER_APPICON_NAME = AppIcon;
				CODE_SIGN_STYLE = Automatic;
				INFOPLIST_FILE = test/Info.plist;
				LD_RUNPATH_SEARCH_PATHS = "$(inherited) @executable_path/Frameworks";
				PRODUCT_BUNDLE_IDENTIFIER = com.lanjiying.test;
				PRODUCT_NAME = "$(TARGET_NAME)";
				TARGETED_DEVICE_FAMILY = "1,2";
			};
			name = Debug;
		};
		187BEE4C206D2CB600A55D12 /* Release */ = {
			isa = XCBuildConfiguration;
			buildSettings = {
				ASSETCATALOG_COMPILER_APPICON_NAME = AppIcon;
				CODE_SIGN_STYLE = Automatic;
				INFOPLIST_FILE = test/Info.plist;
				LD_RUNPATH_SEARCH_PATHS = "$(inherited) @executable_path/Frameworks";
				PRODUCT_BUNDLE_IDENTIFIER = com.lanjiying.test;
				PRODUCT_NAME = "$(TARGET_NAME)";
				TARGETED_DEVICE_FAMILY = "1,2";
			};
			name = Release;
		};
		187BEE4E206D2CB600A55D12 /* Debug */ = {
			isa = XCBuildConfiguration;
			buildSettings = {
				BUNDLE_LOADER = "$(TEST_HOST)";
				CODE_SIGN_STYLE = Automatic;
				INFOPLIST_FILE = testTests/Info.plist;
				LD_RUNPATH_SEARCH_PATHS = "$(inherited) @executable_path/Frameworks @loader_path/Frameworks";
				PRODUCT_BUNDLE_IDENTIFIER = com.lanjiying.testTests;
				PRODUCT_NAME = "$(TARGET_NAME)";
				TARGETED_DEVICE_FAMILY = "1,2";
				TEST_HOST = "$(BUILT_PRODUCTS_DIR)/test.app/test";
			};
			name = Debug;
		};
		187BEE4F206D2CB600A55D12 /* Release */ = {
			isa = XCBuildConfiguration;
			buildSettings = {
				BUNDLE_LOADER = "$(TEST_HOST)";
				CODE_SIGN_STYLE = Automatic;
				INFOPLIST_FILE = testTests/Info.plist;
				LD_RUNPATH_SEARCH_PATHS = "$(inherited) @executable_path/Frameworks @loader_path/Frameworks";
				PRODUCT_BUNDLE_IDENTIFIER = com.lanjiying.testTests;
				PRODUCT_NAME = "$(TARGET_NAME)";
				TARGETED_DEVICE_FAMILY = "1,2";
				TEST_HOST = "$(BUILT_PRODUCTS_DIR)/test.app/test";
			};
			name = Release;
		};
		187BEE51206D2CB600A55D12 /* Debug */ = {
			isa = XCBuildConfiguration;
			buildSettings = {
				CODE_SIGN_STYLE = Automatic;
				INFOPLIST_FILE = testUITests/Info.plist;
				LD_RUNPATH_SEARCH_PATHS = "$(inherited) @executable_path/Frameworks @loader_path/Frameworks";
				PRODUCT_BUNDLE_IDENTIFIER = com.lanjiying.testUITests;
				PRODUCT_NAME = "$(TARGET_NAME)";
				TARGETED_DEVICE_FAMILY = "1,2";
				TEST_TARGET_NAME = test;
			};
			name = Debug;
		};
		187BEE52206D2CB600A55D12 /* Release */ = {
			isa = XCBuildConfiguration;
			buildSettings = {
				CODE_SIGN_STYLE = Automatic;
				INFOPLIST_FILE = testUITests/Info.plist;
				LD_RUNPATH_SEARCH_PATHS = "$(inherited) @executable_path/Frameworks @loader_path/Frameworks";
				PRODUCT_BUNDLE_IDENTIFIER = com.lanjiying.testUITests;
				PRODUCT_NAME = "$(TARGET_NAME)";
				TARGETED_DEVICE_FAMILY = "1,2";
				TEST_TARGET_NAME = test;
			};
			name = Release;
		};
/* End XCBuildConfiguration section */

/* Begin XCConfigurationList section */
		187BEE19206D2CB600A55D12 /* Build configuration list for PBXProject "test" */ = {
			isa = XCConfigurationList;
			buildConfigurations = (
				187BEE48206D2CB600A55D12 /* Debug */,
				187BEE49206D2CB600A55D12 /* Release */,
			);
			defaultConfigurationIsVisible = 0;
			defaultConfigurationName = Release;
		};
		187BEE4A206D2CB600A55D12 /* Build configuration list for PBXNativeTarget "test" */ = {
			isa = XCConfigurationList;
			buildConfigurations = (
				187BEE4B206D2CB600A55D12 /* Debug */,
				187BEE4C206D2CB600A55D12 /* Release */,
			);
			defaultConfigurationIsVisible = 0;
			defaultConfigurationName = Release;
		};
		187BEE4D206D2CB600A55D12 /* Build configuration list for PBXNativeTarget "testTests" */ = {
			isa = XCConfigurationList;
			buildConfigurations = (
				187BEE4E206D2CB600A55D12 /* Debug */,
				187BEE4F206D2CB600A55D12 /* Release */,
			);
			defaultConfigurationIsVisible = 0;
			defaultConfigurationName = Release;
		};
		187BEE50206D2CB600A55D12 /* Build configuration list for PBXNativeTarget "testUITests" */ = {
			isa = XCConfigurationList;
			buildConfigurations = (
				187BEE51206D2CB600A55D12 /* Debug */,
				187BEE52206D2CB600A55D12 /* Release */,
			);
			defaultConfigurationIsVisible = 0;
			defaultConfigurationName = Release;
		};
/* End XCConfigurationList section */
	};
	rootObject = 187BEE16206D2CB600A55D12 /* Project object */;
}
